
Microsoft Visual Studio Solution File, Format Version 12.00
# Visual Studio Version 17
VisualStudioVersion = 17.4.33110.190
MinimumVisualStudioVersion = 10.0.40219.1
Project("{FAE04EC0-301F-11D3-BF4B-00C04F79EFBC}") = "PhotoLabUWP", "PhotoLab\PhotoLabUWP.csproj", "{95D9D016-79D5-451B-856E-C1F20FDAE91F}"
EndProject
Project("{2150E333-8FDC-42A3-9474-1A3956D46DE8}") = "Solution Items", "Solution Items", "{3C7CFA4A-5FEC-4548-8409-99987E643834}"
	ProjectSection(SolutionItems) = preProject
		CONTRIBUTING.md = CONTRIBUTING.md
		LICENSE.txt = LICENSE.txt
		README.md = README.md
	EndProjectSection
EndProject
Project("{9A19103F-16F7-4668-BE54-9A1E7A4F7556}") = "PhotoLabWASDK", "PhotoLabWASDK\PhotoLabWASDK.csproj", "{4F3F51DA-F65E-4627-AFF8-F0275A6D1965}"
EndProject
Project("{D954291E-2A0B-460D-934E-DC6B0785DB48}") = "PhotoLabShared", "PhotoLabShared\PhotoLabShared.shproj", "{42357681-0183-4EDE-BA12-629490059768}"
EndProject
Global
	GlobalSection(SolutionConfigurationPlatforms) = preSolution
		Debug|ARM = Debug|ARM
		Debug|arm64 = Debug|arm64
		Debug|x64 = Debug|x64
		Debug|x86 = Debug|x86
		Release|ARM = Release|ARM
		Release|arm64 = Release|arm64
		Release|x64 = Release|x64
		Release|x86 = Release|x86
	EndGlobalSection
	GlobalSection(ProjectConfigurationPlatforms) = postSolution
		{95D9D016-79D5-451B-856E-C1F20FDAE91F}.Debug|ARM.ActiveCfg = Debug|ARM
		{95D9D016-79D5-451B-856E-C1F20FDAE91F}.Debug|ARM.Build.0 = Debug|ARM
		{95D9D016-79D5-451B-856E-C1F20FDAE91F}.Debug|ARM.Deploy.0 = Debug|ARM
		{95D9D016-79D5-451B-856E-C1F20FDAE91F}.Debug|arm64.ActiveCfg = Debug|x64
		{95D9D016-79D5-451B-856E-C1F20FDAE91F}.Debug|arm64.Build.0 = Debug|x64
		{95D9D016-79D5-451B-856E-C1F20FDAE91F}.Debug|arm64.Deploy.0 = Debug|x64
		{95D9D016-79D5-451B-856E-C1F20FDAE91F}.Debug|x64.ActiveCfg = Debug|x64
		{95D9D016-79D5-451B-856E-C1F20FDAE91F}.Debug|x64.Build.0 = Debug|x64
		{95D9D016-79D5-451B-856E-C1F20FDAE91F}.Debug|x64.Deploy.0 = Debug|x64
		{95D9D016-79D5-451B-856E-C1F20FDAE91F}.Debug|x86.ActiveCfg = Debug|x86
		{95D9D016-79D5-451B-856E-C1F20FDAE91F}.Debug|x86.Build.0 = Debug|x86
		{95D9D016-79D5-451B-856E-C1F20FDAE91F}.Debug|x86.Deploy.0 = Debug|x86
		{95D9D016-79D5-451B-856E-C1F20FDAE91F}.Release|ARM.ActiveCfg = Release|ARM
		{95D9D016-79D5-451B-856E-C1F20FDAE91F}.Release|ARM.Build.0 = Release|ARM
		{95D9D016-79D5-451B-856E-C1F20FDAE91F}.Release|ARM.Deploy.0 = Release|ARM
		{95D9D016-79D5-451B-856E-C1F20FDAE91F}.Release|arm64.ActiveCfg = Release|x64
		{95D9D016-79D5-451B-856E-C1F20FDAE91F}.Release|arm64.Build.0 = Release|x64
		{95D9D016-79D5-451B-856E-C1F20FDAE91F}.Release|arm64.Deploy.0 = Release|x64
		{95D9D016-79D5-451B-856E-C1F20FDAE91F}.Release|x64.ActiveCfg = Release|x64
		{95D9D016-79D5-451B-856E-C1F20FDAE91F}.Release|x64.Build.0 = Release|x64
		{95D9D016-79D5-451B-856E-C1F20FDAE91F}.Release|x64.Deploy.0 = Release|x64
		{95D9D016-79D5-451B-856E-C1F20FDAE91F}.Release|x86.ActiveCfg = Release|x86
		{95D9D016-79D5-451B-856E-C1F20FDAE91F}.Release|x86.Build.0 = Release|x86
		{95D9D016-79D5-451B-856E-C1F20FDAE91F}.Release|x86.Deploy.0 = Release|x86
		{4F3F51DA-F65E-4627-AFF8-F0275A6D1965}.Debug|ARM.ActiveCfg = Debug|x64
		{4F3F51DA-F65E-4627-AFF8-F0275A6D1965}.Debug|ARM.Build.0 = Debug|x64
		{4F3F51DA-F65E-4627-AFF8-F0275A6D1965}.Debug|ARM.Deploy.0 = Debug|x64
		{4F3F51DA-F65E-4627-AFF8-F0275A6D1965}.Debug|arm64.ActiveCfg = Debug|arm64
		{4F3F51DA-F65E-4627-AFF8-F0275A6D1965}.Debug|arm64.Build.0 = Debug|arm64
		{4F3F51DA-F65E-4627-AFF8-F0275A6D1965}.Debug|arm64.Deploy.0 = Debug|arm64
		{4F3F51DA-F65E-4627-AFF8-F0275A6D1965}.Debug|x64.ActiveCfg = Debug|x64
		{4F3F51DA-F65E-4627-AFF8-F0275A6D1965}.Debug|x64.Build.0 = Debug|x64
		{4F3F51DA-F65E-4627-AFF8-F0275A6D1965}.Debug|x64.Deploy.0 = Debug|x64
		{4F3F51DA-F65E-4627-AFF8-F0275A6D1965}.Debug|x86.ActiveCfg = Debug|x86
		{4F3F51DA-F65E-4627-AFF8-F0275A6D1965}.Debug|x86.Build.0 = Debug|x86
		{4F3F51DA-F65E-4627-AFF8-F0275A6D1965}.Debug|x86.Deploy.0 = Debug|x86
		{4F3F51DA-F65E-4627-AFF8-F0275A6D1965}.Release|ARM.ActiveCfg = Release|x64
		{4F3F51DA-F65E-4627-AFF8-F0275A6D1965}.Release|ARM.Build.0 = Release|x64
		{4F3F51DA-F65E-4627-AFF8-F0275A6D1965}.Release|ARM.Deploy.0 = Release|x64
		{4F3F51DA-F65E-4627-AFF8-F0275A6D1965}.Release|arm64.ActiveCfg = Release|arm64
		{4F3F51DA-F65E-4627-AFF8-F0275A6D1965}.Release|arm64.Build.0 = Release|arm64
		{4F3F51DA-F65E-4627-AFF8-F0275A6D1965}.Release|arm64.Deploy.0 = Release|arm64
		{4F3F51DA-F65E-4627-AFF8-F0275A6D1965}.Release|x64.ActiveCfg = Release|x64
		{4F3F51DA-F65E-4627-AFF8-F0275A6D1965}.Release|x64.Build.0 = Release|x64
		{4F3F51DA-F65E-4627-AFF8-F0275A6D1965}.Release|x64.Deploy.0 = Release|x64
		{4F3F51DA-F65E-4627-AFF8-F0275A6D1965}.Release|x86.ActiveCfg = Release|x86
		{4F3F51DA-F65E-4627-AFF8-F0275A6D1965}.Release|x86.Build.0 = Release|x86
		{4F3F51DA-F65E-4627-AFF8-F0275A6D1965}.Release|x86.Deploy.0 = Release|x86
	EndGlobalSection
	GlobalSection(SolutionProperties) = preSolution
		HideSolutionNode = FALSE
	EndGlobalSection
	GlobalSection(ExtensibilityGlobals) = postSolution
		SolutionGuid = {C6223D86-6ED1-4BC3-9E3B-AAFA30BFEE08}
	EndGlobalSection
	GlobalSection(SharedMSBuildProjectFiles) = preSolution
		PhotoLabShared\PhotoLabShared.projitems*{42357681-0183-4ede-ba12-629490059768}*SharedItemsImports = 13
		PhotoLabShared\PhotoLabShared.projitems*{4f3f51da-f65e-4627-aff8-f0275a6d1965}*SharedItemsImports = 5
		PhotoLabShared\PhotoLabShared.projitems*{95d9d016-79d5-451b-856e-c1f20fdae91f}*SharedItemsImports = 4
	EndGlobalSection
EndGlobal
